version = 1
revision = 2
requires-python = ">=3.10"

[[package]]
name = "disagg-tree-fetch"
version = "0.1.0"
source = { virtual = "." }
dependencies = [
    { name = "grpcio" },
    { name = "grpcio-tools" },
    { name = "protobuf" },
]

[package.metadata]
requires-dist = [
    { name = "grpcio", specifier = ">=1.60.0" },
    { name = "grpcio-tools", specifier = ">=1.60.0" },
    { name = "protobuf", specifier = ">=4.0.0" },
]

[[package]]
name = "grpcio"
version = "1.78.1"
source = { registry = "https://pypi.org/simple" }
dependencies = [
    { name = "typing-extensions" },
]
sdist = { url = "https://files.pythonhosted.org/packages/1f/de/de568532d9907552700f80dcec38219d8d298ad9e71f5e0a095abaf2761e/grpcio-1.78.1.tar.gz", hash = "sha256:27c625532d33ace45d57e775edf1982e183ff8641c72e4e91ef7ba667a149d72", size = 12835760, upload-time = "2026-02-20T01:16:10.869Z" }
wheels = [
    { url = "https://files.pythonhosted.org/packages/44/30/0534b643dafd54824769d6260b89c71d518e4ef8b5ad16b84d1ae9272978/grpcio-1.78.1-cp310-cp310-linux_armv7l.whl", hash = "sha256:4393bef64cf26dc07cd6f18eaa5170ae4eebaafd4418e7e3a59ca9526a6fa30b", size = 5947661, upload-time = "2026-02-20T01:12:34.922Z" },
    { url = "https://files.pythonhosted.org/packages/4a/f8/f678566655ab822da0f713789555e7eddca7ef93da99f480c63de3aa94b4/grpcio-1.78.1-cp310-cp310-macosx_11_0_universal2.whl", hash = "sha256:917047c19cd120b40aab9a4b8a22e9ce3562f4a1343c0d62b3cd2d5199da3d67", size = 11819948, upload-time = "2026-02-20T01:12:39.709Z" },
    { url = "https://files.pythonhosted.org/packages/ff/0b/a4b4210d946055f4e5a8430f2802202ae8f831b4b00d36d55055c5cf4b6a/grpcio-1.78.1-cp310-cp310-manylinux2014_aarch64.manylinux_2_17_aarch64.whl", hash = "sha256:ff7de398bb3528d44d17e6913a7cfe639e3b15c65595a71155322df16978c5e1", size = 6519850, upload-time = "2026-02-20T01:12:42.715Z" },
    { url = "https://files.pythonhosted.org/packages/ea/d9/a1e657a73000a71fa75ec7140ff3a8dc32eb3427560620e477c6a2735527/grpcio-1.78.1-cp310-cp310-manylinux2014_i686.manylinux_2_17_i686.whl", hash = "sha256:15f6e636d1152667ddb4022b37534c161c8477274edb26a0b65b215dd0a81e97", size = 7198654, upload-time = "2026-02-20T01:12:46.164Z" },
    { url = "https://files.pythonhosted.org/packages/aa/28/a61c5bdf53c1638e657bb5eebb93c789837820e1fdb965145f05eccc2994/grpcio-1.78.1-cp310-cp310-manylinux2014_x86_64.manylinux_2_17_x86_64.whl", hash = "sha256:27b5cb669603efb7883a882275db88b6b5d6b6c9f0267d5846ba8699b7ace338", size = 6727238, upload-time = "2026-02-20T01:12:48.472Z" },
    { url = "https://files.pythonhosted.org/packages/9d/3e/aa143d0687801986a29d85788c96089449f36651cd4e2a493737ae0c5be9/grpcio-1.78.1-cp310-cp310-musllinux_1_2_aarch64.whl", hash = "sha256:86edb3966778fa05bfdb333688fde5dc9079f9e2a9aa6a5c42e9564b7656ba04", size = 7300960, upload-time = "2026-02-20T01:12:51.139Z" },
    { url = "https://files.pythonhosted.org/packages/30/d3/53e0f26b46417f28d14b5951fc6a1eff79c08c8a339e967c0a19ec7cf9e9/grpcio-1.78.1-cp310-cp310-musllinux_1_2_i686.whl", hash = "sha256:849cc62eb989bc3be5629d4f3acef79be0d0ff15622201ed251a86d17fef6494", size = 8285274, upload-time = "2026-02-20T01:12:53.315Z" },
    { url = "https://files.pythonhosted.org/packages/29/d0/e0e9fd477ce86c07ed1ed1d5c34790f050b6d58bfde77b02b36e23f8b235/grpcio-1.78.1-cp310-cp310-musllinux_1_2_x86_64.whl", hash = "sha256:9a00992d6fafe19d648b9ccb4952200c50d8e36d0cce8cf026c56ed3fdc28465", size = 7726620, upload-time = "2026-02-20T01:12:56.498Z" },
    { url = "https://files.pythonhosted.org/packages/5e/b5/e138a9f7810d196081b2e047c378ca12358c5906d79c42ddec41bb43d528/grpcio-1.78.1-cp310-cp310-win32.whl", hash = "sha256:f8759a1347f3b4f03d9a9d4ce8f9f31ad5e5d0144ba06ccfb1ffaeb0ba4c1e20", size = 4076778, upload-time = "2026-02-20T01:12:59.098Z" },
    { url = "https://files.pythonhosted.org/packages/4e/95/9b02316b85731df0943a635ca6d02f155f673c4f17e60be0c4892a6eb051/grpcio-1.78.1-cp310-cp310-win_amd64.whl", hash = "sha256:e840405a3f1249509892be2399f668c59b9d492068a2cf326d661a8c79e5e747", size = 4798925, upload-time = "2026-02-20T01:13:03.186Z" },
    { url = "https://files.pythonhosted.org/packages/bf/1e/ad774af3b2c84f49c6d8c4a7bea4c40f02268ea8380630c28777edda463b/grpcio-1.78.1-cp311-cp311-linux_armv7l.whl", hash = "sha256:3a8aa79bc6e004394c0abefd4b034c14affda7b66480085d87f5fbadf43b593b", size = 5951132, upload-time = "2026-02-20T01:13:05.942Z" },
    { url = "https://files.pythonhosted.org/packages/48/9d/ad3c284bedd88c545e20675d98ae904114d8517a71b0efc0901e9166628f/grpcio-1.78.1-cp311-cp311-macosx_11_0_universal2.whl", hash = "sha256:8e1fcb419da5811deb47b7749b8049f7c62b993ba17822e3c7231e3e0ba65b79", size = 11831052, upload-time = "2026-02-20T01:13:09.604Z" },
    { url = "https://files.pythonhosted.org/packages/6d/08/20d12865e47242d03c3ade9bb2127f5b4aded964f373284cfb357d47c5ac/grpcio-1.78.1-cp311-cp311-manylinux2014_aarch64.manylinux_2_17_aarch64.whl", hash = "sha256:b071dccac245c32cd6b1dd96b722283b855881ca0bf1c685cf843185f5d5d51e", size = 6524749, upload-time = "2026-02-20T01:13:21.692Z" },
    { url = "https://files.pythonhosted.org/packages/c6/53/a8b72f52b253ec0cfdf88a13e9236a9d717c332b8aa5f0ba9e4699e94b55/grpcio-1.78.1-cp311-cp311-manylinux2014_i686.manylinux_2_17_i686.whl", hash = "sha256:d6fb962947e4fe321eeef3be1ba5ba49d32dea9233c825fcbade8e858c14aaf4", size = 7198995, upload-time = "2026-02-20T01:13:24.275Z" },
    { url = "https://files.pythonhosted.org/packages/13/3c/ac769c8ded1bcb26bb119fb472d3374b481b3cf059a0875db9fc77139c17/grpcio-1.78.1-cp311-cp311-manylinux2014_x86_64.manylinux_2_17_x86_64.whl", hash = "sha256:a6afd191551fd72e632367dfb083e33cd185bf9ead565f2476bba8ab864ae496", size = 6730770, upload-time = "2026-02-20T01:13:26.522Z" },
    { url = "https://files.pythonhosted.org/packages/dc/c3/2275ef4cc5b942314321f77d66179be4097ff484e82ca34bf7baa5b1ddbc/grpcio-1.78.1-cp311-cp311-musllinux_1_2_aarch64.whl", hash = "sha256:b2acd83186305c0802dbc4d81ed0ec2f3e8658d7fde97cfba2f78d7372f05b89", size = 7305036, upload-time = "2026-02-20T01:13:30.923Z" },
    { url = "https://files.pythonhosted.org/packages/91/cb/3c2aa99e12cbbfc72c2ed8aa328e6041709d607d668860380e6cd00ba17d/grpcio-1.78.1-cp311-cp311-musllinux_1_2_i686.whl", hash = "sha256:5380268ab8513445740f1f77bd966d13043d07e2793487e61fd5b5d0935071eb", size = 8288641, upload-time = "2026-02-20T01:13:39.42Z" },
    { url = "https://files.pythonhosted.org/packages/0d/b2/21b89f492260ac645775d9973752ca873acfd0609d6998e9d3065a21ea2f/grpcio-1.78.1-cp311-cp311-musllinux_1_2_x86_64.whl", hash = "sha256:389b77484959bdaad6a2b7dda44d7d1228381dd669a03f5660392aa0e9385b22", size = 7730967, upload-time = "2026-02-20T01:13:41.697Z" },
    { url = "https://files.pythonhosted.org/packages/24/03/6b89eddf87fdffb8fa9d37375d44d3a798f4b8116ac363a5f7ca84caa327/grpcio-1.78.1-cp311-cp311-win32.whl", hash = "sha256:9dee66d142f4a8cca36b5b98a38f006419138c3c89e72071747f8fca415a6d8f", size = 4076680, upload-time = "2026-02-20T01:13:43.781Z" },
    { url = "https://files.pythonhosted.org/packages/a7/a8/204460b1bc1dff9862e98f56a2d14be3c4171f929f8eaf8c4517174b4270/grpcio-1.78.1-cp311-cp311-win_amd64.whl", hash = "sha256:43b930cf4f9c4a2262bb3e5d5bc40df426a72538b4f98e46f158b7eb112d2d70", size = 4801074, upload-time = "2026-02-20T01:13:46.315Z" },
    { url = "https://files.pythonhosted.org/packages/ab/ed/d2eb9d27fded1a76b2a80eb9aa8b12101da7e41ce2bac0ad3651e88a14ae/grpcio-1.78.1-cp312-cp312-linux_armv7l.whl", hash = "sha256:41e4605c923e0e9a84a2718e4948a53a530172bfaf1a6d1ded16ef9c5849fca2", size = 5913389, upload-time = "2026-02-20T01:13:49.005Z" },
    { url = "https://files.pythonhosted.org/packages/69/1b/40034e9ab010eeb3fa41ec61d8398c6dbf7062f3872c866b8f72700e2522/grpcio-1.78.1-cp312-cp312-macosx_11_0_universal2.whl", hash = "sha256:39da1680d260c0c619c3b5fa2dc47480ca24d5704c7a548098bca7de7f5dd17f", size = 11811839, upload-time = "2026-02-20T01:13:51.839Z" },
    { url = "https://files.pythonhosted.org/packages/b4/69/fe16ef2979ea62b8aceb3a3f1e7a8bbb8b717ae2a44b5899d5d426073273/grpcio-1.78.1-cp312-cp312-manylinux2014_aarch64.manylinux_2_17_aarch64.whl", hash = "sha256:b5d5881d72a09b8336a8f874784a8eeffacde44a7bc1a148bce5a0243a265ef0", size = 6475805, upload-time = "2026-02-20T01:13:55.423Z" },
    { url = "https://files.pythonhosted.org/packages/5b/1e/069e0a9062167db18446917d7c00ae2e91029f96078a072bedc30aaaa8c3/grpcio-1.78.1-cp312-cp312-manylinux2014_i686.manylinux_2_17_i686.whl", hash = "sha256:888ceb7821acd925b1c90f0cdceaed1386e69cfe25e496e0771f6c35a156132f", size = 7169955, upload-time = "2026-02-20T01:13:59.553Z" },
    { url = "https://files.pythonhosted.org/packages/38/fc/44a57e2bb4a755e309ee4e9ed2b85c9af93450b6d3118de7e69410ee05fa/grpcio-1.78.1-cp312-cp312-manylinux2014_x86_64.manylinux_2_17_x86_64.whl", hash = "sha256:8942bdfc143b467c264b048862090c4ba9a0223c52ae28c9ae97754361372e42", size = 6690767, upload-time = "2026-02-20T01:14:02.31Z" },
    { url = "https://files.pythonhosted.org/packages/b8/87/21e16345d4c75046d453916166bc72a3309a382c8e97381ec4b8c1a54729/grpcio-1.78.1-cp312-cp312-musllinux_1_2_aarch64.whl", hash = "sha256:716a544969660ed609164aff27b2effd3ff84e54ac81aa4ce77b1607ca917d22", size = 7266846, upload-time = "2026-02-20T01:14:12.974Z" },
    { url = "https://files.pythonhosted.org/packages/11/df/d6261983f9ca9ef4d69893765007a9a3211b91d9faf85a2591063df381c7/grpcio-1.78.1-cp312-cp312-musllinux_1_2_i686.whl", hash = "sha256:4d50329b081c223d444751076bb5b389d4f06c2b32d51b31a1e98172e6cecfb9", size = 8253522, upload-time = "2026-02-20T01:14:17.407Z" },
    { url = "https://files.pythonhosted.org/packages/de/7c/4f96a0ff113c5d853a27084d7590cd53fdb05169b596ea9f5f27f17e021e/grpcio-1.78.1-cp312-cp312-musllinux_1_2_x86_64.whl", hash = "sha256:7e836778c13ff70edada16567e8da0c431e8818eaae85b80d11c1ba5782eccbb", size = 7698070, upload-time = "2026-02-20T01:14:20.032Z" },
    { url = "https://files.pythonhosted.org/packages/17/3c/7b55c0b5af88fbeb3d0c13e25492d3ace41ac9dbd0f5f8f6c0fb613b6706/grpcio-1.78.1-cp312-cp312-win32.whl", hash = "sha256:07eb016ea7444a22bef465cce045512756956433f54450aeaa0b443b8563b9ca", size = 4066474, upload-time = "2026-02-20T01:14:22.602Z" },
    { url = "https://files.pythonhosted.org/packages/5d/17/388c12d298901b0acf10b612b650692bfed60e541672b1d8965acbf2d722/grpcio-1.78.1-cp312-cp312-win_amd64.whl", hash = "sha256:02b82dcd2fa580f5e82b4cf62ecde1b3c7cc9ba27b946421200706a6e5acaf85", size = 4797537, upload-time = "2026-02-20T01:14:25.444Z" },
    { url = "https://files.pythonhosted.org/packages/df/72/754754639cfd16ad04619e1435a518124b2d858e5752225376f9285d4c51/grpcio-1.78.1-cp313-cp313-linux_armv7l.whl", hash = "sha256:2b7ad2981550ce999e25ce3f10c8863f718a352a2fd655068d29ea3fd37b4907", size = 5919437, upload-time = "2026-02-20T01:14:29.403Z" },
    { url = "https://files.pythonhosted.org/packages/5c/84/6267d1266f8bc335d3a8b7ccf981be7de41e3ed8bd3a49e57e588212b437/grpcio-1.78.1-cp313-cp313-macosx_11_0_universal2.whl", hash = "sha256:409bfe22220889b9906739910a0ee4c197a967c21b8dd14b4b06dd477f8819ce", size = 11803701, upload-time = "2026-02-20T01:14:32.624Z" },
    { url = "https://files.pythonhosted.org/packages/f3/56/c9098e8b920a54261cd605bbb040de0cde1ca4406102db0aa2c0b11d1fb4/grpcio-1.78.1-cp313-cp313-manylinux2014_aarch64.manylinux_2_17_aarch64.whl", hash = "sha256:34b6cb16f4b67eeb5206250dc5b4d5e8e3db939535e58efc330e4c61341554bd", size = 6479416, upload-time = "2026-02-20T01:14:35.926Z" },
    { url = "https://files.pythonhosted.org/packages/86/cf/5d52024371ee62658b7ed72480200524087528844ec1b65265bbcd31c974/grpcio-1.78.1-cp313-cp313-manylinux2014_i686.manylinux_2_17_i686.whl", hash = "sha256:39d21fd30d38a5afb93f0e2e71e2ec2bd894605fb75d41d5a40060c2f98f8d11", size = 7174087, upload-time = "2026-02-20T01:14:39.98Z" },
    { url = "https://files.pythonhosted.org/packages/31/e6/5e59551afad4279e27335a6d60813b8aa3ae7b14fb62cea1d329a459c118/grpcio-1.78.1-cp313-cp313-manylinux2014_x86_64.manylinux_2_17_x86_64.whl", hash = "sha256:09fbd4bcaadb6d8604ed1504b0bdf7ac18e48467e83a9d930a70a7fefa27e862", size = 6692881, upload-time = "2026-02-20T01:14:42.466Z" },
    { url = "https://files.pythonhosted.org/packages/db/8f/940062de2d14013c02f51b079eb717964d67d46f5d44f22038975c9d9576/grpcio-1.78.1-cp313-cp313-musllinux_1_2_aarch64.whl", hash = "sha256:db681513a1bdd879c0b24a5a6a70398da5eaaba0e077a306410dc6008426847a", size = 7269092, upload-time = "2026-02-20T01:14:45.826Z" },
    { url = "https://files.pythonhosted.org/packages/09/87/9db657a4b5f3b15560ec591db950bc75a1a2f9e07832578d7e2b23d1a7bd/grpcio-1.78.1-cp313-cp313-musllinux_1_2_i686.whl", hash = "sha256:f81816faa426da461e9a597a178832a351d6f1078102590a4b32c77d251b71eb", size = 8252037, upload-time = "2026-02-20T01:14:48.57Z" },
    { url = "https://files.pythonhosted.org/packages/e2/37/b980e0265479ec65e26b6e300a39ceac33ecb3f762c2861d4bac990317cf/grpcio-1.78.1-cp313-cp313-musllinux_1_2_x86_64.whl", hash = "sha256:ffbb760df1cd49e0989f9826b2fd48930700db6846ac171eaff404f3cfbe5c28", size = 7695243, upload-time = "2026-02-20T01:14:51.376Z" },
    { url = "https://files.pythonhosted.org/packages/98/46/5fc42c100ab702fa1ea41a75c890c563c3f96432b4a287d5a6369654f323/grpcio-1.78.1-cp313-cp313-win32.whl", hash = "sha256:1a56bf3ee99af5cf32d469de91bf5de79bdac2e18082b495fc1063ea33f4f2d0", size = 4065329, upload-time = "2026-02-20T01:14:53.952Z" },
    { url = "https://files.pythonhosted.org/packages/b0/da/806d60bb6611dfc16cf463d982bd92bd8b6bd5f87dfac66b0a44dfe20995/grpcio-1.78.1-cp313-cp313-win_amd64.whl", hash = "sha256:8991c2add0d8505178ff6c3ae54bd9386279e712be82fa3733c54067aae9eda1", size = 4797637, upload-time = "2026-02-20T01:14:57.276Z" },
    { url = "https://files.pythonhosted.org/packages/96/3a/2d2ec4d2ce2eb9d6a2b862630a0d9d4ff4239ecf1474ecff21442a78612a/grpcio-1.78.1-cp314-cp314-linux_armv7l.whl", hash = "sha256:d101fe49b1e0fb4a7aa36ed0c3821a0f67a5956ef572745452d2cd790d723a3f", size = 5920256, upload-time = "2026-02-20T01:15:00.23Z" },
    { url = "https://files.pythonhosted.org/packages/9c/92/dccb7d087a1220ed358753945230c1ddeeed13684b954cb09db6758f1271/grpcio-1.78.1-cp314-cp314-macosx_11_0_universal2.whl", hash = "sha256:5ce1855e8cfc217cdf6bcfe0cf046d7cf81ddcc3e6894d6cfd075f87a2d8f460", size = 11813749, upload-time = "2026-02-20T01:15:03.312Z" },
    { url = "https://files.pythonhosted.org/packages/ef/47/c20e87f87986da9998f30f14776ce27e61f02482a3a030ffe265089342c6/grpcio-1.78.1-cp314-cp314-manylinux2014_aarch64.manylinux_2_17_aarch64.whl", hash = "sha256:cd26048d066b51f39fe9206e2bcc2cea869a5e5b2d13c8d523f4179193047ebd", size = 6488739, upload-time = "2026-02-20T01:15:14.349Z" },
    { url = "https://files.pythonhosted.org/packages/a6/c2/088bd96e255133d7d87c3eed0d598350d16cde1041bdbe2bb065967aaf91/grpcio-1.78.1-cp314-cp314-manylinux2014_i686.manylinux_2_17_i686.whl", hash = "sha256:4b8d7fda614cf2af0f73bbb042f3b7fee2ecd4aea69ec98dbd903590a1083529", size = 7173096, upload-time = "2026-02-20T01:15:17.687Z" },
    { url = "https://files.pythonhosted.org/packages/60/ce/168db121073a03355ce3552b3b1f790b5ded62deffd7d98c5f642b9d3d81/grpcio-1.78.1-cp314-cp314-manylinux2014_x86_64.manylinux_2_17_x86_64.whl", hash = "sha256:656a5bd142caeb8b1efe1fe0b4434ecc7781f44c97cfc7927f6608627cf178c0", size = 6693861, upload-time = "2026-02-20T01:15:20.911Z" },
    { url = "https://files.pythonhosted.org/packages/ae/d0/90b30ec2d9425215dd56922d85a90babbe6ee7e8256ba77d866b9c0d3aba/grpcio-1.78.1-cp314-cp314-musllinux_1_2_aarch64.whl", hash = "sha256:99550e344482e3c21950c034f74668fccf8a546d50c1ecb4f717543bbdc071ba", size = 7278083, upload-time = "2026-02-20T01:15:23.698Z" },
    { url = "https://files.pythonhosted.org/packages/c1/fb/73f9ba0b082bcd385d46205095fd9c917754685885b28fce3741e9f54529/grpcio-1.78.1-cp314-cp314-musllinux_1_2_i686.whl", hash = "sha256:8f27683ca68359bd3f0eb4925824d71e538f84338b3ae337ead2ae43977d7541", size = 8252546, upload-time = "2026-02-20T01:15:26.517Z" },
    { url = "https://files.pythonhosted.org/packages/85/c5/6a89ea3cb5db6c3d9ed029b0396c49f64328c0cf5d2630ffeed25711920a/grpcio-1.78.1-cp314-cp314-musllinux_1_2_x86_64.whl", hash = "sha256:a40515b69ac50792f9b8ead260f194ba2bb3285375b6c40c7ff938f14c3df17d", size = 7696289, upload-time = "2026-02-20T01:15:29.718Z" },
    { url = "https://files.pythonhosted.org/packages/3d/05/63a7495048499ef437b4933d32e59b7f737bd5368ad6fb2479e2bd83bf2c/grpcio-1.78.1-cp314-cp314-win32.whl", hash = "sha256:2c473b54ef1618f4fb85e82ff4994de18143b74efc088b91b5a935a3a45042ba", size = 4142186, upload-time = "2026-02-20T01:15:32.786Z" },
    { url = "https://files.pythonhosted.org/packages/1c/ce/adfe7e5f701d503be7778291757452e3fab6b19acf51917c79f5d1cf7f8a/grpcio-1.78.1-cp314-cp314-win_amd64.whl", hash = "sha256:e2a6b33d1050dce2c6f563c5caf7f7cbeebf7fba8cde37ffe3803d50526900d1", size = 4932000, upload-time = "2026-02-20T01:15:36.127Z" },
]

[[package]]
name = "grpcio-tools"
version = "1.78.1"
source = { registry = "https://pypi.org/simple" }
dependencies = [
    { name = "grpcio" },
    { name = "protobuf" },
    { name = "setuptools" },
]
sdist = { url = "https://files.pythonhosted.org/packages/c9/e5/311efa9278a451291e317286babf3f69b1479f8e6fd244836e3803e4b81d/grpcio_tools-1.78.1.tar.gz", hash = "sha256:f47b746b06a940954b9aa86b1824aa4874f068a7ec2d4b407980d202c86a691a", size = 5392610, upload-time = "2026-02-20T01:19:44.109Z" }
wheels = [
    { url = "https://files.pythonhosted.org/packages/bb/cc/4c6010153ec59ea8833375bc0cce0150b31a8fece551867cc4dfd57f799c/grpcio_tools-1.78.1-cp310-cp310-linux_armv7l.whl", hash = "sha256:ec86147000d713bcf5116350607b16b488432fcae89e7fbb6ac4d388c241273b", size = 2545568, upload-time = "2026-02-20T01:16:27.181Z" },
    { url = "https://files.pythonhosted.org/packages/e2/18/9448e26f026ddad65e84702e44db558c58fa5f3a8ee85dffb68565b1f964/grpcio_tools-1.78.1-cp310-cp310-macosx_11_0_universal2.whl", hash = "sha256:ecb698ba221b279356590d65e456d2a3ba63b1668515c85c5a340bf98399acb7", size = 5708709, upload-time = "2026-02-20T01:16:32.204Z" },
    { url = "https://files.pythonhosted.org/packages/21/e2/862d3defacf28e2d95856a2242c6524fb337470cda8e03bc162a2bab10a3/grpcio_tools-1.78.1-cp310-cp310-manylinux2014_aarch64.manylinux_2_17_aarch64.whl", hash = "sha256:77b8f61e5b6b774521875595d5f978dbd534086bc39205126345c7459cf18a44", size = 2591906, upload-time = "2026-02-20T01:16:34.156Z" },
    { url = "https://files.pythonhosted.org/packages/79/e3/e6fb73def5661233a0ab3cfd398894e5d2be2beb6d653d0a3364c762e2b2/grpcio_tools-1.78.1-cp310-cp310-manylinux2014_i686.manylinux_2_17_i686.whl", hash = "sha256:6080c1541487071c6e2763be5ffee452139a919dc5fc9e0eaeca9737af913337", size = 2905270, upload-time = "2026-02-20T01:16:36.76Z" },
    { url = "https://files.pythonhosted.org/packages/7a/b4/a9f09051aa7490007aa49508b7bb5f865e5bbfa03541e606ba5be8f915f5/grpcio_tools-1.78.1-cp310-cp310-manylinux2014_x86_64.manylinux_2_17_x86_64.whl", hash = "sha256:086cda613dc3a5b58ebd0852273fa76498d61e5296710654d66861309ea30faa", size = 2656237, upload-time = "2026-02-20T01:16:41.685Z" },
    { url = "https://files.pythonhosted.org/packages/37/86/a9af580c764976451cb607ca56ffb7e02e2995c4c5ea80e3275a54705fb1/grpcio_tools-1.78.1-cp310-cp310-musllinux_1_2_aarch64.whl", hash = "sha256:35668bc67bb5600d3f72e9cfbbe15a2ad2f616013b0598877a06396e7de3fa2f", size = 3105766, upload-time = "2026-02-20T01:16:44.893Z" },
    { url = "https://files.pythonhosted.org/packages/c5/8a/1a6bd95d5e581191bf4e3865ae9a2c87f493367721ebfc1d5869ddf007be/grpcio_tools-1.78.1-cp310-cp310-musllinux_1_2_i686.whl", hash = "sha256:63d578f37a6ccad7f61b1da29b219005874c097664a78967f8b60637f6f3f567", size = 3654897, upload-time = "2026-02-20T01:16:47.601Z" },
    { url = "https://files.pythonhosted.org/packages/26/48/685979f30f9f55a455c2da90bb2898a65657be13062d1708097a4f29f4e9/grpcio_tools-1.78.1-cp310-cp310-musllinux_1_2_x86_64.whl", hash = "sha256:c05507d90035e8c0b9617d2ff5c888b7e93e47c111e7880d8a2d190ca5734622", size = 3322530, upload-time = "2026-02-20T01:16:49.669Z" },
    { url = "https://files.pythonhosted.org/packages/31/39/c289037c267bf58e6839936880ca552b0b1b569ea411e65711884c5c3b16/grpcio_tools-1.78.1-cp310-cp310-win32.whl", hash = "sha256:c7a33d981d33b54183e2fa872a4abea632396ef824ca60c268ce50e2fdb9d930", size = 993638, upload-time = "2026-02-20T01:16:52.451Z" },
    { url = "https://files.pythonhosted.org/packages/ea/66/b319aabc3907d6947d9bd502b87842b14c470ab62fd7beadc053cd3ad17a/grpcio_tools-1.78.1-cp310-cp310-win_amd64.whl", hash = "sha256:6e8cdf8f75d24a70511b3db9e4e09cd7a4420ff1a3707e30cefc08f4be189e1f", size = 1158503, upload-time = "2026-02-20T01:16:54.451Z" },
    { url = "https://files.pythonhosted.org/packages/47/c3/b598440ea531f7abdb9c1c5298919e13f4442f0289900dd9ef6667ab72b9/grpcio_tools-1.78.1-cp311-cp311-linux_armv7l.whl", hash = "sha256:ec4483749c7174c301a554191f6a9b28e2388636736a21886fe20025137cdaa5", size = 2545903, upload-time = "2026-02-20T01:16:57.182Z" },
    { url = "https://files.pythonhosted.org/packages/1f/7f/c81ca206047e600ced7c3147f84c894d1ab7eb07642d0a1a4d8511bca7d7/grpcio_tools-1.78.1-cp311-cp311-macosx_11_0_universal2.whl", hash = "sha256:a81b30b0981cc64853bf28daa4d45f2ce8e4da47d831186a509c05660f23b133", size = 5709065, upload-time = "2026-02-20T01:17:00.054Z" },
    { url = "https://files.pythonhosted.org/packages/80/cd/9b4a601afabf017dadff24d066d0dc6cedfab1e4cdc8e52bcca08291e7e0/grpcio_tools-1.78.1-cp311-cp311-manylinux2014_aarch64.manylinux_2_17_aarch64.whl", hash = "sha256:d6406f04b93e48ae3b4dca8f9f312f345265502dc54408056796813c1877f98a", size = 2591744, upload-time = "2026-02-20T01:17:02.539Z" },
    { url = "https://files.pythonhosted.org/packages/46/be/e20b48c5fbbf7c279e3998a62d086f35e0c6efb0d7a9a3ab2966a235b89d/grpcio_tools-1.78.1-cp311-cp311-manylinux2014_i686.manylinux_2_17_i686.whl", hash = "sha256:f46fa1430958fe93082d361711e261a482d5a505a9928bc28f7df3fb432d7203", size = 2905111, upload-time = "2026-02-20T01:17:04.659Z" },
    { url = "https://files.pythonhosted.org/packages/68/6b/72b97c60767bc5b256e5e4ba5c4a01dd27dc925c983d85fa8c9ca428f0c9/grpcio_tools-1.78.1-cp311-cp311-manylinux2014_x86_64.manylinux_2_17_x86_64.whl", hash = "sha256:a5fbe7d04212248a94acfea86460f1e249f0e42b636de4e71ad518aaf7b24cc9", size = 2656443, upload-time = "2026-02-20T01:17:07.154Z" },
    { url = "https://files.pythonhosted.org/packages/83/92/1023bf1bfa1eaa3b98582f4ba2fcae7153b5b3382b2b3d5b00b47b6e0f57/grpcio_tools-1.78.1-cp311-cp311-musllinux_1_2_aarch64.whl", hash = "sha256:e886a3f3284fbff5b4a5c0299427b42df1e1ad6ec9c88c41cfe94557ac191a34", size = 3106129, upload-time = "2026-02-20T01:17:09.385Z" },
    { url = "https://files.pythonhosted.org/packages/d7/55/2c1d64e9efcd0a55b0fc2e6426e65c33edecc590510e67f623e8bd92bfdf/grpcio_tools-1.78.1-cp311-cp311-musllinux_1_2_i686.whl", hash = "sha256:e1e19c3cb8c4bbfcc20c74b6ef50bd2fb18f82593e65c5b031a92f6794ab9a6d", size = 3654955, upload-time = "2026-02-20T01:17:12.046Z" },
    { url = "https://files.pythonhosted.org/packages/41/76/cc00f693a085e6ddc2477d6dc59ad3e0b0a2f8797ff3703b45e25ddca387/grpcio_tools-1.78.1-cp311-cp311-musllinux_1_2_x86_64.whl", hash = "sha256:b0abde2cd28a5925da36776977064e0fe9be667a96ea454acad1eabc3eb7ec48", size = 3322628, upload-time = "2026-02-20T01:17:14.592Z" },
    { url = "https://files.pythonhosted.org/packages/c0/8f/4efdc5a359ae37b079008eda939cf063ab51608a9767f808c672fc542780/grpcio_tools-1.78.1-cp311-cp311-win32.whl", hash = "sha256:a62857bdd681469f7ea603078187399aa8bd8cd7bdeeb603497c993a06d0bb8d", size = 993780, upload-time = "2026-02-20T01:17:20.463Z" },
    { url = "https://files.pythonhosted.org/packages/8e/1c/f6925bfdab52eed2dbaf54ca656de6401e880d079800df53d59cf89a2098/grpcio_tools-1.78.1-cp311-cp311-win_amd64.whl", hash = "sha256:e33de930d02e16d28a2e06d2a629cd5be18c0f386e8bc6c483b073f8898c283c", size = 1158625, upload-time = "2026-02-20T01:17:22.593Z" },
    { url = "https://files.pythonhosted.org/packages/c5/74/928b78c079cf84436e6d6abd52879178c00c1d0dd9bcaf294c3601db8c73/grpcio_tools-1.78.1-cp312-cp312-linux_armv7l.whl", hash = "sha256:2fd5b9ba19849afb511f05f9eaf621aaf21d8582b06d23179b31fb72f2b0add1", size = 2546822, upload-time = "2026-02-20T01:17:24.899Z" },
    { url = "https://files.pythonhosted.org/packages/6e/a4/22b29fa672535b525070d5b665b064903e4dddce694f036fae115978245f/grpcio_tools-1.78.1-cp312-cp312-macosx_11_0_universal2.whl", hash = "sha256:3e2148b0b15dea87d2fea17d1eda3ae0cdc6dd378fe75903f17515cbb6e5f4a3", size = 5706796, upload-time = "2026-02-20T01:17:30.223Z" },
    { url = "https://files.pythonhosted.org/packages/c7/ac/8ab479655b52bb8a1f55fd73df0b7b9fe6e5470775a3432b6265ff2782df/grpcio_tools-1.78.1-cp312-cp312-manylinux2014_aarch64.manylinux_2_17_aarch64.whl", hash = "sha256:58714482282ba4f6ebe550a43284b3383761e7bf1c1cafa009740d4b20cfc5fd", size = 2593971, upload-time = "2026-02-20T01:17:32.843Z" },
    { url = "https://files.pythonhosted.org/packages/3c/89/f7b48b112ef8b457e2a30d13cb357947bbb98635b016db6d4e1885c5160e/grpcio_tools-1.78.1-cp312-cp312-manylinux2014_i686.manylinux_2_17_i686.whl", hash = "sha256:3edc65d8d547e2c3e90937896bce58f1a4187b45a5ac2d97c84d0501c917c6e7", size = 2905532, upload-time = "2026-02-20T01:17:35.512Z" },
    { url = "https://files.pythonhosted.org/packages/94/3c/c74185dbbaa5930ac124121e9546f7aec54790ad2b2a352ae13606c2d0a5/grpcio_tools-1.78.1-cp312-cp312-manylinux2014_x86_64.manylinux_2_17_x86_64.whl", hash = "sha256:5aa5720e07b81e82107c33f1951572f4371b668933da110418146e8fe51813ec", size = 2656908, upload-time = "2026-02-20T01:17:37.914Z" },
    { url = "https://files.pythonhosted.org/packages/5a/6f/a5dfcdec7d2eabcd1aafa20dd1c558fe34907e86672a39afdea1ed48556f/grpcio_tools-1.78.1-cp312-cp312-musllinux_1_2_aarch64.whl", hash = "sha256:d665399893f79dfce1018143602b1e53cc6434cb919b141ad5ce9d09d25b6c88", size = 3109782, upload-time = "2026-02-20T01:17:40.575Z" },
    { url = "https://files.pythonhosted.org/packages/66/c5/c3a9a79f2da4ae99cc1290f2a90e5d798525e9556d6b2e7f7090d4a05271/grpcio_tools-1.78.1-cp312-cp312-musllinux_1_2_i686.whl", hash = "sha256:3ab437967bd61034b278ca1043a5f2f70ab3a8b45f2531b4295ffc7da27893c9", size = 3658761, upload-time = "2026-02-20T01:17:42.809Z" },
    { url = "https://files.pythonhosted.org/packages/69/42/656a38e78cebed3b98bb737630faa30d0f22915112166b892e89a843e08f/grpcio_tools-1.78.1-cp312-cp312-musllinux_1_2_x86_64.whl", hash = "sha256:63c91efb22a6977111bbde16f58e393ab75f1f4ff95850abc24fd279402a02f7", size = 3325115, upload-time = "2026-02-20T01:17:46.089Z" },
    { url = "https://files.pythonhosted.org/packages/00/c0/8e3444d127c243170a7dc732d6cbd009c3de78a86002f7abdc317ce7f828/grpcio_tools-1.78.1-cp312-cp312-win32.whl", hash = "sha256:7ecc57c2a82a7f67d07c1491eea39aec9660306a8b67b7b0116ade52c3466297", size = 993478, upload-time = "2026-02-20T01:17:48.194Z" },
    { url = "https://files.pythonhosted.org/packages/a5/cc/e2211fe54ae29b31ed20154e002184546ed08800105aeb8692898f7b4a6f/grpcio_tools-1.78.1-cp312-cp312-win_amd64.whl", hash = "sha256:7e465bf6e49c8d3905997b079d4cab233cd1e0ad558aa3b93ce074172ad75fa1", size = 1158466, upload-time = "2026-02-20T01:17:50.284Z" },
    { url = "https://files.pythonhosted.org/packages/09/44/b8371d238bcb6141b178f91d65477e5aec9fe6d3f7c245e581bdb73e6330/grpcio_tools-1.78.1-cp313-cp313-linux_armv7l.whl", hash = "sha256:3ad2cfae254f965776e296635d0ef96bdb2e6fde54c3d8e0f1ed98161ec00a8f", size = 2546284, upload-time = "2026-02-20T01:17:53.282Z" },
    { url = "https://files.pythonhosted.org/packages/68/e1/db6f388ad57d23ec7e3fdc4a1d12495cadc022df8a6138b827dbc6ad1b79/grpcio_tools-1.78.1-cp313-cp313-macosx_11_0_universal2.whl", hash = "sha256:b5d4c75fa44d560e694b65b19df3d7e73d89c2bf9e2d7b672a9e650f40ca33df", size = 5705688, upload-time = "2026-02-20T01:17:56.279Z" },
    { url = "https://files.pythonhosted.org/packages/16/44/9b2dc99c0fdc8f83ffa72e51fc52f0ad5015fc6c0dc733ba0e0eeb289916/grpcio_tools-1.78.1-cp313-cp313-manylinux2014_aarch64.manylinux_2_17_aarch64.whl", hash = "sha256:63e87dd399a4071c0cfdf131cf382a7c3859f2bee9cff8ec996dd8dea3e3afbb", size = 2592788, upload-time = "2026-02-20T01:17:58.729Z" },
    { url = "https://files.pythonhosted.org/packages/5e/f2/885039af8fcda73eca2d244fcd295381c682919b39f2078453e6cb002879/grpcio_tools-1.78.1-cp313-cp313-manylinux2014_i686.manylinux_2_17_i686.whl", hash = "sha256:08704fd6df74dd95c28a2c095f59e10aec61abe64e2c44f1109d725f728688ba", size = 2905157, upload-time = "2026-02-20T01:18:01.295Z" },
    { url = "https://files.pythonhosted.org/packages/98/a4/859e99a1a728367bbe4d5671e92c984536077e2690fef5637c5e66434b5b/grpcio_tools-1.78.1-cp313-cp313-manylinux2014_x86_64.manylinux_2_17_x86_64.whl", hash = "sha256:e53faada7c186ae5a46b236a4961284c45f9eb069888c651021346f9360d58e0", size = 2656161, upload-time = "2026-02-20T01:18:03.386Z" },
    { url = "https://files.pythonhosted.org/packages/7f/6e/2f8b6b6e06d5728c571ec4b702a3a249743816b771b78f2dc79be67dea33/grpcio_tools-1.78.1-cp313-cp313-musllinux_1_2_aarch64.whl", hash = "sha256:99479dfa64faa8ed887df22a1489e6bd4027e38efdad7de9fdc6038e67569f0a", size = 3109110, upload-time = "2026-02-20T01:18:08.877Z" },
    { url = "https://files.pythonhosted.org/packages/c7/f5/1cf1b232a996b8eb560adb4a75d468fa0badf804ce182a0ce7b03b796299/grpcio_tools-1.78.1-cp313-cp313-musllinux_1_2_i686.whl", hash = "sha256:e0335ba2e6b903b9156151a49d03e74d2876259d5233ac97de53b4c847a56000", size = 3657864, upload-time = "2026-02-20T01:18:18.75Z" },
    { url = "https://files.pythonhosted.org/packages/ee/52/0714adbb17bd12661fb7cd247991a175069de9269bd506cff3cd9638f6c4/grpcio_tools-1.78.1-cp313-cp313-musllinux_1_2_x86_64.whl", hash = "sha256:d54640c46d496ed9367caaa36a5742adca9b215ea06cf6714dcf1aa190a43b6d", size = 3324749, upload-time = "2026-02-20T01:18:21.394Z" },
    { url = "https://files.pythonhosted.org/packages/3a/15/bb6ac754ce74980ea78bdd428b8d5fdeda77e04a674388aac81c885595ea/grpcio_tools-1.78.1-cp313-cp313-win32.whl", hash = "sha256:df604903f86adae37eb90f4168db13090f723b3602bac89519aff451aea46ea3", size = 993050, upload-time = "2026-02-20T01:18:24.132Z" },
    { url = "https://files.pythonhosted.org/packages/c8/83/9d75e3ad324b11de988a7534d22c066e0da7cffc5656f973993e719efab1/grpcio_tools-1.78.1-cp313-cp313-win_amd64.whl", hash = "sha256:7f4469a91556442330aad0710ffc16a853681e1aa7c0752b2db2e8255c872897", size = 1158153, upload-time = "2026-02-20T01:18:27.844Z" },
    { url = "https://files.pythonhosted.org/packages/5e/5b/76d7969539159a22dfa20c23c3885ce9024a12d88e23d76063a1e1df566d/grpcio_tools-1.78.1-cp314-cp314-linux_armv7l.whl", hash = "sha256:11c6a338c227e5aab76954f35959682d59c432a5b6d7db053fa1a99c7124bbde", size = 2546269, upload-time = "2026-02-20T01:18:30.673Z" },
    { url = "https://files.pythonhosted.org/packages/3f/8a/a1d180e7165bbdd30d109a448c95d6077eaa9afe40a2ed159f40bec64ce3/grpcio_tools-1.78.1-cp314-cp314-macosx_11_0_universal2.whl", hash = "sha256:090aeaa053f728539d0f84658bb5d88411a913cbcc49e990b5a80acd3c46dc94", size = 5705752, upload-time = "2026-02-20T01:18:33.396Z" },
    { url = "https://files.pythonhosted.org/packages/43/5c/067b95424eee7cb980a2237c3ecd23935ea742b17acf4411064a727ec9b0/grpcio_tools-1.78.1-cp314-cp314-manylinux2014_aarch64.manylinux_2_17_aarch64.whl", hash = "sha256:203347a50b00e6a1793c35af437a39449b247b9461a9f1f9b9baf954b4255cd8", size = 2593895, upload-time = "2026-02-20T01:18:36.746Z" },
    { url = "https://files.pythonhosted.org/packages/01/1f/6edd882a7c47f74321aeec98ef20b7c54c4fa61c81bb08039b14c1777de2/grpcio_tools-1.78.1-cp314-cp314-manylinux2014_i686.manylinux_2_17_i686.whl", hash = "sha256:7c3cef48b10cccfc039b5ae054d7ad8d7b907ff03a283b606b3999ce3843b5a5", size = 2905296, upload-time = "2026-02-20T01:18:41.875Z" },
    { url = "https://files.pythonhosted.org/packages/a4/15/2ecacd23670fd8bc945fa1a3ae5ad0916c95d9803ceda0b7427d9dfc4ee0/grpcio_tools-1.78.1-cp314-cp314-manylinux2014_x86_64.manylinux_2_17_x86_64.whl", hash = "sha256:abb2aee19b91d619670a3598faaa8036b31dd96708ab82d8fb990da4b5c3fc01", size = 2656183, upload-time = "2026-02-20T01:18:44.556Z" },
    { url = "https://files.pythonhosted.org/packages/60/36/ec4b0172f803f7add82bcc16346b47a80ca983539dc5bf779da1d44f3b4a/grpcio_tools-1.78.1-cp314-cp314-musllinux_1_2_aarch64.whl", hash = "sha256:b6307ce936cd5f7714bba75e8b7c71f4e6a4da625b907960227568022ee812fa", size = 3109860, upload-time = "2026-02-20T01:18:47.218Z" },
    { url = "https://files.pythonhosted.org/packages/79/85/6fb37b10667764505f9bc6baab9bccaaa0777bfe07aa786f9e1d4f482253/grpcio_tools-1.78.1-cp314-cp314-musllinux_1_2_i686.whl", hash = "sha256:40aad3da94bf261792ff998084117f6ce092b7b137dcea257628def834b91e96", size = 3657914, upload-time = "2026-02-20T01:18:59.138Z" },
    { url = "https://files.pythonhosted.org/packages/42/11/da86c93b0d00f5180d283740c89aa998f955c7389ff268128b99c5bebdb9/grpcio_tools-1.78.1-cp314-cp314-musllinux_1_2_x86_64.whl", hash = "sha256:36dbd00415376a3db03cd57a8063dfb5506c3ec69737945488f6c28a3e8b5cf1", size = 3324719, upload-time = "2026-02-20T01:19:01.55Z" },
    { url = "https://files.pythonhosted.org/packages/9d/b6/6a00609300fbfe2163183522005911f4676bc80db374d55c2a9d9e70997e/grpcio_tools-1.78.1-cp314-cp314-win32.whl", hash = "sha256:6d284037ff456842324fa12b0a6455fce0b3ab92f218677b34c33cf4787a54c4", size = 1015537, upload-time = "2026-02-20T01:19:04.289Z" },
    { url = "https://files.pythonhosted.org/packages/05/76/ef3d2f5a86da2b3a2abcef7141bc4d2d8d119b0da389029811a4507b499b/grpcio_tools-1.78.1-cp314-cp314-win_amd64.whl", hash = "sha256:acb9849783dc7cf0e7359cbd60c6bf3154008bf9aeff12c696ec7289599eb3a8", size = 1190123, upload-time = "2026-02-20T01:19:06.831Z" },
]

[[package]]
name = "protobuf"
version = "6.33.5"
source = { registry = "https://pypi.org/simple" }
sdist = { url = "https://files.pythonhosted.org/packages/ba/25/7c72c307aafc96fa87062aa6291d9f7c94836e43214d43722e86037aac02/protobuf-6.33.5.tar.gz", hash = "sha256:6ddcac2a081f8b7b9642c09406bc6a4290128fce5f471cddd165960bb9119e5c", size = 444465, upload-time = "2026-01-29T21:51:33.494Z" }
wheels = [
    { url = "https://files.pythonhosted.org/packages/b1/79/af92d0a8369732b027e6d6084251dd8e782c685c72da161bd4a2e00fbabb/protobuf-6.33.5-cp310-abi3-win32.whl", hash = "sha256:d71b040839446bac0f4d162e758bea99c8251161dae9d0983a3b88dee345153b", size = 425769, upload-time = "2026-01-29T21:51:21.751Z" },
    { url = "https://files.pythonhosted.org/packages/55/75/bb9bc917d10e9ee13dee8607eb9ab963b7cf8be607c46e7862c748aa2af7/protobuf-6.33.5-cp310-abi3-win_amd64.whl", hash = "sha256:3093804752167bcab3998bec9f1048baae6e29505adaf1afd14a37bddede533c", size = 437118, upload-time = "2026-01-29T21:51:24.022Z" },
    { url = "https://files.pythonhosted.org/packages/a2/6b/e48dfc1191bc5b52950246275bf4089773e91cb5ba3592621723cdddca62/protobuf-6.33.5-cp39-abi3-macosx_10_9_universal2.whl", hash = "sha256:a5cb85982d95d906df1e2210e58f8e4f1e3cdc088e52c921a041f9c9a0386de5", size = 427766, upload-time = "2026-01-29T21:51:25.413Z" },
    { url = "https://files.pythonhosted.org/packages/4e/b1/c79468184310de09d75095ed1314b839eb2f72df71097db9d1404a1b2717/protobuf-6.33.5-cp39-abi3-manylinux2014_aarch64.whl", hash = "sha256:9b71e0281f36f179d00cbcb119cb19dec4d14a81393e5ea220f64b286173e190", size = 324638, upload-time = "2026-01-29T21:51:26.423Z" },
    { url = "https://files.pythonhosted.org/packages/c5/f5/65d838092fd01c44d16037953fd4c2cc851e783de9b8f02b27ec4ffd906f/protobuf-6.33.5-cp39-abi3-manylinux2014_s390x.whl", hash = "sha256:8afa18e1d6d20af15b417e728e9f60f3aa108ee76f23c3b2c07a2c3b546d3afd", size = 339411, upload-time = "2026-01-29T21:51:27.446Z" },
    { url = "https://files.pythonhosted.org/packages/9b/53/a9443aa3ca9ba8724fdfa02dd1887c1bcd8e89556b715cfbacca6b63dbec/protobuf-6.33.5-cp39-abi3-manylinux2014_x86_64.whl", hash = "sha256:cbf16ba3350fb7b889fca858fb215967792dc125b35c7976ca4818bee3521cf0", size = 323465, upload-time = "2026-01-29T21:51:28.925Z" },
    { url = "https://files.pythonhosted.org/packages/57/bf/2086963c69bdac3d7cff1cc7ff79b8ce5ea0bec6797a017e1be338a46248/protobuf-6.33.5-py3-none-any.whl", hash = "sha256:69915a973dd0f60f31a08b8318b73eab2bd6a392c79184b3612226b0a3f8ec02", size = 170687, upload-time = "2026-01-29T21:51:32.557Z" },
]

[[package]]
name = "setuptools"
version = "82.0.0"
source = { registry = "https://pypi.org/simple" }
sdist = { url = "https://files.pythonhosted.org/packages/82/f3/748f4d6f65d1756b9ae577f329c951cda23fb900e4de9f70900ced962085/setuptools-82.0.0.tar.gz", hash = "sha256:22e0a2d69474c6ae4feb01951cb69d515ed23728cf96d05513d36e42b62b37cb", size = 1144893, upload-time = "2026-02-08T15:08:40.206Z" }
wheels = [
    { url = "https://files.pythonhosted.org/packages/e1/c6/76dc613121b793286a3f91621d7b75a2b493e0390ddca50f11993eadf192/setuptools-82.0.0-py3-none-any.whl", hash = "sha256:70b18734b607bd1da571d097d236cfcfacaf01de45717d59e6e04b96877532e0", size = 1003468, upload-time = "2026-02-08T15:08:38.723Z" },
]

[[package]]
name = "typing-extensions"
version = "4.15.0"
source = { registry = "https://pypi.org/simple" }
sdist = { url = "https://files.pythonhosted.org/packages/72/94/1a15dd82efb362ac84269196e94cf00f187f7ed21c242792a923cdb1c61f/typing_extensions-4.15.0.tar.gz", hash = "sha256:0cea48d173cc12fa28ecabc3b837ea3cf6f38c6d1136f85cbaaf598984861466", size = 109391, upload-time = "2025-08-25T13:49:26.313Z" }
wheels = [
    { url = "https://files.pythonhosted.org/packages/18/67/36e9267722cc04a6b9f15c7f3441c2363321a3ea07da7ae0c0707beb2a9c/typing_extensions-4.15.0-py3-none-any.whl", hash = "sha256:f0fa19c6845758ab08074a0cfa8b7aecb71c999ca73d62883bc25cc018c4e548", size = 44614, upload-time = "2025-08-25T13:49:24.86Z" },
]
